
Microsoft Visual Studio Solution File, Format Version 12.00
# Visual Studio Version 16
VisualStudioVersion = 16.0.29424.173
MinimumVisualStudioVersion = 10.0.40219.1
Project("{888888A0-9F3D-457C-B088-3A5042F75D52}") = "信号・統計PP", "信号・統計PP.pyproj", "{A8E67BC8-FDD3-4B27-893F-8907F3226395}"
EndProject
Global
	GlobalSection(SolutionConfigurationPlatforms) = preSolution
		Debug|Any CPU = Debug|Any CPU
		Release|Any CPU = Release|Any CPU
	EndGlobalSection
	GlobalSection(ProjectConfigurationPlatforms) = postSolution
		{A8E67BC8-FDD3-4B27-893F-8907F3226395}.Debug|Any CPU.ActiveCfg = Debug|Any CPU
		{A8E67BC8-FDD3-4B27-893F-8907F3226395}.Release|Any CPU.ActiveCfg = Release|Any CPU
	EndGlobalSection
	GlobalSection(SolutionProperties) = preSolution
		HideSolutionNode = FALSE
	EndGlobalSection
	GlobalSection(ExtensibilityGlobals) = postSolution
		SolutionGuid = {E90011B3-2292-47F4-BF58-8C388BF99980}
	EndGlobalSection
EndGlobal
